
Microsoft Visual Studio Solution File, Format Version 12.00
# Visual Studio Version 16
VisualStudioVersion = 16.0.30204.135
MinimumVisualStudioVersion = 10.0.40219.1
Project("{FAE04EC0-301F-11D3-BF4B-00C04F79EFBC}") = "Atividade_Senai", "Atividade_Senai.csproj", "{EEF4B273-0C21-44AC-A1F5-D7A8968DF7E2}"
EndProject
Global
	GlobalSection(SolutionConfigurationPlatforms) = preSolution
		Debug|Any CPU = Debug|Any CPU
		Release|Any CPU = Release|Any CPU
	EndGlobalSection
	GlobalSection(ProjectConfigurationPlatforms) = postSolution
		{EEF4B273-0C21-44AC-A1F5-D7A8968DF7E2}.Debug|Any CPU.ActiveCfg = Debug|Any CPU
		{EEF4B273-0C21-44AC-A1F5-D7A8968DF7E2}.Debug|Any CPU.Build.0 = Debug|Any CPU
		{EEF4B273-0C21-44AC-A1F5-D7A8968DF7E2}.Release|Any CPU.ActiveCfg = Release|Any CPU
		{EEF4B273-0C21-44AC-A1F5-D7A8968DF7E2}.Release|Any CPU.Build.0 = Release|Any CPU
	EndGlobalSection
	GlobalSection(SolutionProperties) = preSolution
		HideSolutionNode = FALSE
	EndGlobalSection
	GlobalSection(ExtensibilityGlobals) = postSolution
		SolutionGuid = {BE88F43E-6A30-442F-9275-A65506E6FF10}
	EndGlobalSection
EndGlobal
